// !$*UTF8*$!
{
	archiveVersion = 1;
	classes = {
	};
	objectVersion = 46;
	objects = {

/* Begin PBXBuildFile section */
		9F0353941B64C5AC00F2E784 /* main.cpp in Sources */ = {isa = PBXBuildFile; fileRef = 9F0353931B64C5AC00F2E784 /* main.cpp */; settings = {COMPILER_FLAGS = "-w -I/Users/pimpat/Downloads/diff-match-patch-cpp-stl -I/usr/local/include -L/usr/local/lib/ -ljansson"; }; };
		9F03539B1B64C61A00F2E784 /* libjansson.4.dylib in Frameworks */ = {isa = PBXBuildFile; fileRef = 9F03539A1B64C61A00F2E784 /* libjansson.4.dylib */; };
		9F0353A41B673B9100F2E784 /* reqmsg.c in Sources */ = {isa = PBXBuildFile; fileRef = 9F0353A01B673B9100F2E784 /* reqmsg.c */; };
		9F0353A51B673B9100F2E784 /* swap_endian.c in Sources */ = {isa = PBXBuildFile; fileRef = 9F0353A31B673B9100F2E784 /* swap_endian.c */; };
/* End PBXBuildFile section */

/* Begin PBXCopyFilesBuildPhase section */
		9F03538E1B64C5AC00F2E784 /* CopyFiles */ = {
			isa = PBXCopyFilesBuildPhase;
			buildActionMask = 2147483647;
			dstPath = /usr/share/man/man1/;
			dstSubfolderSpec = 0;
			files = (
			);
			runOnlyForDeploymentPostprocessing = 1;
		};
/* End PBXCopyFilesBuildPhase section */

/* Begin PBXFileReference section */
		9F0353901B64C5AC00F2E784 /* test_json */ = {isa = PBXFileReference; explicitFileType = "compiled.mach-o.executable"; includeInIndex = 0; path = test_json; sourceTree = BUILT_PRODUCTS_DIR; };
		9F0353931B64C5AC00F2E784 /* main.cpp */ = {isa = PBXFileReference; lastKnownFileType = sourcecode.cpp.cpp; path = main.cpp; sourceTree = "<group>"; };
		9F03539A1B64C61A00F2E784 /* libjansson.4.dylib */ = {isa = PBXFileReference; lastKnownFileType = "compiled.mach-o.dylib"; path = libjansson.4.dylib; sourceTree = "<group>"; };
		9F0353A01B673B9100F2E784 /* reqmsg.c */ = {isa = PBXFileReference; fileEncoding = 4; lastKnownFileType = sourcecode.c.c; name = reqmsg.c; path = "../../orientdb-binary-new/reqmsg.c"; sourceTree = "<group>"; };
		9F0353A11B673B9100F2E784 /* reqmsg.h */ = {isa = PBXFileReference; fileEncoding = 4; lastKnownFileType = sourcecode.c.h; name = reqmsg.h; path = "../../orientdb-binary-new/reqmsg.h"; sourceTree = "<group>"; };
		9F0353A21B673B9100F2E784 /* swap_endian.h */ = {isa = PBXFileReference; fileEncoding = 4; lastKnownFileType = sourcecode.c.h; name = swap_endian.h; path = "../../orientdb-binary-new/swap_endian.h"; sourceTree = "<group>"; };
		9F0353A31B673B9100F2E784 /* swap_endian.c */ = {isa = PBXFileReference; fileEncoding = 4; lastKnownFileType = sourcecode.c.c; name = swap_endian.c; path = "../../orientdb-binary-new/swap_endian.c"; sourceTree = "<group>"; };
/* End PBXFileReference section */

/* Begin PBXFrameworksBuildPhase section */
		9F03538D1B64C5AC00F2E784 /* Frameworks */ = {
			isa = PBXFrameworksBuildPhase;
			buildActionMask = 2147483647;
			files = (
				9F03539B1B64C61A00F2E784 /* libjansson.4.dylib in Frameworks */,
			);
			runOnlyForDeploymentPostprocessing = 0;
		};
/* End PBXFrameworksBuildPhase section */

/* Begin PBXGroup section */
		9F0353871B64C5AC00F2E784 = {
			isa = PBXGroup;
			children = (
				9F03539A1B64C61A00F2E784 /* libjansson.4.dylib */,
				9F0353921B64C5AC00F2E784 /* test_json */,
				9F0353911B64C5AC00F2E784 /* Products */,
			);
			sourceTree = "<group>";
		};
		9F0353911B64C5AC00F2E784 /* Products */ = {
			isa = PBXGroup;
			children = (
				9F0353901B64C5AC00F2E784 /* test_json */,
			);
			name = Products;
			sourceTree = "<group>";
		};
		9F0353921B64C5AC00F2E784 /* test_json */ = {
			isa = PBXGroup;
			children = (
				9F0353A01B673B9100F2E784 /* reqmsg.c */,
				9F0353A11B673B9100F2E784 /* reqmsg.h */,
				9F0353A21B673B9100F2E784 /* swap_endian.h */,
				9F0353A31B673B9100F2E784 /* swap_endian.c */,
				9F0353931B64C5AC00F2E784 /* main.cpp */,
			);
			path = test_json;
			sourceTree = "<group>";
		};
/* End PBXGroup section */

/* Begin PBXNativeTarget section */
		9F03538F1B64C5AC00F2E784 /* test_json */ = {
			isa = PBXNativeTarget;
			buildConfigurationList = 9F0353971B64C5AC00F2E784 /* Build configuration list for PBXNativeTarget "test_json" */;
			buildPhases = (
				9F03538C1B64C5AC00F2E784 /* Sources */,
				9F03538D1B64C5AC00F2E784 /* Frameworks */,
				9F03538E1B64C5AC00F2E784 /* CopyFiles */,
			);
			buildRules = (
			);
			dependencies = (
			);
			name = test_json;
			productName = test_json;
			productReference = 9F0353901B64C5AC00F2E784 /* test_json */;
			productType = "com.apple.product-type.tool";
		};
/* End PBXNativeTarget section */

/* Begin PBXProject section */
		9F0353881B64C5AC00F2E784 /* Project object */ = {
			isa = PBXProject;
			attributes = {
				LastUpgradeCheck = 0610;
				ORGANIZATIONNAME = Pimpat;
				TargetAttributes = {
					9F03538F1B64C5AC00F2E784 = {
						CreatedOnToolsVersion = 6.1.1;
					};
				};
			};
			buildConfigurationList = 9F03538B1B64C5AC00F2E784 /* Build configuration list for PBXProject "test_json" */;
			compatibilityVersion = "Xcode 3.2";
			developmentRegion = English;
			hasScannedForEncodings = 0;
			knownRegions = (
				en,
			);
			mainGroup = 9F0353871B64C5AC00F2E784;
			productRefGroup = 9F0353911B64C5AC00F2E784 /* Products */;
			projectDirPath = "";
			projectRoot = "";
			targets = (
				9F03538F1B64C5AC00F2E784 /* test_json */,
			);
		};
/* End PBXProject section */

/* Begin PBXSourcesBuildPhase section */
		9F03538C1B64C5AC00F2E784 /* Sources */ = {
			isa = PBXSourcesBuildPhase;
			buildActionMask = 2147483647;
			files = (
				9F0353A41B673B9100F2E784 /* reqmsg.c in Sources */,
				9F0353A51B673B9100F2E784 /* swap_endian.c in Sources */,
				9F0353941B64C5AC00F2E784 /* main.cpp in Sources */,
			);
			runOnlyForDeploymentPostprocessing = 0;
		};
/* End PBXSourcesBuildPhase section */

/* Begin XCBuildConfiguration section */
		9F0353951B64C5AC00F2E784 /* Debug */ = {
			isa = XCBuildConfiguration;
			buildSettings = {
				ALWAYS_SEARCH_USER_PATHS = NO;
				CLANG_CXX_LANGUAGE_STANDARD = "gnu++0x";
				CLANG_CXX_LIBRARY = "libc++";
				CLANG_ENABLE_MODULES = YES;
				CLANG_ENABLE_OBJC_ARC = YES;
				CLANG_WARN_BOOL_CONVERSION = YES;
				CLANG_WARN_CONSTANT_CONVERSION = YES;
				CLANG_WARN_DIRECT_OBJC_ISA_USAGE = YES_ERROR;
				CLANG_WARN_EMPTY_BODY = YES;
				CLANG_WARN_ENUM_CONVERSION = YES;
				CLANG_WARN_INT_CONVERSION = YES;
				CLANG_WARN_OBJC_ROOT_CLASS = YES_ERROR;
				CLANG_WARN_UNREACHABLE_CODE = YES;
				CLANG_WARN__DUPLICATE_METHOD_MATCH = YES;
				COPY_PHASE_STRIP = NO;
				ENABLE_STRICT_OBJC_MSGSEND = YES;
				GCC_C_LANGUAGE_STANDARD = gnu99;
				GCC_DYNAMIC_NO_PIC = NO;
				GCC_OPTIMIZATION_LEVEL = 0;
				GCC_PREPROCESSOR_DEFINITIONS = (
					"DEBUG=1",
					"$(inherited)",
				);
				GCC_SYMBOLS_PRIVATE_EXTERN = NO;
				GCC_WARN_64_TO_32_BIT_CONVERSION = YES;
				GCC_WARN_ABOUT_RETURN_TYPE = YES_ERROR;
				GCC_WARN_UNDECLARED_SELECTOR = YES;
				GCC_WARN_UNINITIALIZED_AUTOS = YES_AGGRESSIVE;
				GCC_WARN_UNUSED_FUNCTION = YES;
				GCC_WARN_UNUSED_VARIABLE = YES;
				MACOSX_DEPLOYMENT_TARGET = 10.10;
				MTL_ENABLE_DEBUG_INFO = YES;
				ONLY_ACTIVE_ARCH = YES;
				SDKROOT = macosx;
			};
			name = Debug;
		};
		9F0353961B64C5AC00F2E784 /* Release */ = {
			isa = XCBuildConfiguration;
			buildSettings = {
				ALWAYS_SEARCH_USER_PATHS = NO;
				CLANG_CXX_LANGUAGE_STANDARD = "gnu++0x";
				CLANG_CXX_LIBRARY = "libc++";
				CLANG_ENABLE_MODULES = YES;
				CLANG_ENABLE_OBJC_ARC = YES;
				CLANG_WARN_BOOL_CONVERSION = YES;
				CLANG_WARN_CONSTANT_CONVERSION = YES;
				CLANG_WARN_DIRECT_OBJC_ISA_USAGE = YES_ERROR;
				CLANG_WARN_EMPTY_BODY = YES;
				CLANG_WARN_ENUM_CONVERSION = YES;
				CLANG_WARN_INT_CONVERSION = YES;
				CLANG_WARN_OBJC_ROOT_CLASS = YES_ERROR;
				CLANG_WARN_UNREACHABLE_CODE = YES;
				CLANG_WARN__DUPLICATE_METHOD_MATCH = YES;
				COPY_PHASE_STRIP = YES;
				DEBUG_INFORMATION_FORMAT = "dwarf-with-dsym";
				ENABLE_NS_ASSERTIONS = NO;
				ENABLE_STRICT_OBJC_MSGSEND = YES;
				GCC_C_LANGUAGE_STANDARD = gnu99;
				GCC_WARN_64_TO_32_BIT_CONVERSION = YES;
				GCC_WARN_ABOUT_RETURN_TYPE = YES_ERROR;
				GCC_WARN_UNDECLARED_SELECTOR = YES;
				GCC_WARN_UNINITIALIZED_AUTOS = YES_AGGRESSIVE;
				GCC_WARN_UNUSED_FUNCTION = YES;
				GCC_WARN_UNUSED_VARIABLE = YES;
				MACOSX_DEPLOYMENT_TARGET = 10.10;
				MTL_ENABLE_DEBUG_INFO = NO;
				SDKROOT = macosx;
			};
			name = Release;
		};
		9F0353981B64C5AC00F2E784 /* Debug */ = {
			isa = XCBuildConfiguration;
			buildSettings = {
				LIBRARY_SEARCH_PATHS = (
					"$(inherited)",
					"$(PROJECT_DIR)",
				);
				PRODUCT_NAME = "$(TARGET_NAME)";
			};
			name = Debug;
		};
		9F0353991B64C5AC00F2E784 /* Release */ = {
			isa = XCBuildConfiguration;
			buildSettings = {
				LIBRARY_SEARCH_PATHS = (
					"$(inherited)",
					"$(PROJECT_DIR)",
				);
				PRODUCT_NAME = "$(TARGET_NAME)";
			};
			name = Release;
		};
/* End XCBuildConfiguration section */

/* Begin XCConfigurationList section */
		9F03538B1B64C5AC00F2E784 /* Build configuration list for PBXProject "test_json" */ = {
			isa = XCConfigurationList;
			buildConfigurations = (
				9F0353951B64C5AC00F2E784 /* Debug */,
				9F0353961B64C5AC00F2E784 /* Release */,
			);
			defaultConfigurationIsVisible = 0;
			defaultConfigurationName = Release;
		};
		9F0353971B64C5AC00F2E784 /* Build configuration list for PBXNativeTarget "test_json" */ = {
			isa = XCConfigurationList;
			buildConfigurations = (
				9F0353981B64C5AC00F2E784 /* Debug */,
				9F0353991B64C5AC00F2E784 /* Release */,
			);
			defaultConfigurationIsVisible = 0;
		};
/* End XCConfigurationList section */
	};
	rootObject = 9F0353881B64C5AC00F2E784 /* Project object */;
}
